
Microsoft Visual Studio Solution File, Format Version 12.00
# Visual Studio Version 17
VisualStudioVersion = 17.7.34202.233
MinimumVisualStudioVersion = 10.0.40219.1
Project("{FAE04EC0-301F-11D3-BF4B-00C04F79EFBC}") = "ExamCS1", "ExamCS1.csproj", "{2DCFA849-8029-42CC-831F-7BADA4BBF666}"
EndProject
Global
	GlobalSection(SolutionConfigurationPlatforms) = preSolution
		Debug|Any CPU = Debug|Any CPU
		Release|Any CPU = Release|Any CPU
	EndGlobalSection
	GlobalSection(ProjectConfigurationPlatforms) = postSolution
		{2DCFA849-8029-42CC-831F-7BADA4BBF666}.Debug|Any CPU.ActiveCfg = Debug|Any CPU
		{2DCFA849-8029-42CC-831F-7BADA4BBF666}.Debug|Any CPU.Build.0 = Debug|Any CPU
		{2DCFA849-8029-42CC-831F-7BADA4BBF666}.Release|Any CPU.ActiveCfg = Release|Any CPU
		{2DCFA849-8029-42CC-831F-7BADA4BBF666}.Release|Any CPU.Build.0 = Release|Any CPU
	EndGlobalSection
	GlobalSection(SolutionProperties) = preSolution
		HideSolutionNode = FALSE
	EndGlobalSection
	GlobalSection(ExtensibilityGlobals) = postSolution
		SolutionGuid = {6EEF344E-A6D2-46FF-88DC-25065494369F}
	EndGlobalSection
EndGlobal
